
Microsoft Visual Studio Solution File, Format Version 12.00
# Visual Studio 15
VisualStudioVersion = 15.0.28307.539
MinimumVisualStudioVersion = 10.0.40219.1
Project("{FAE04EC0-301F-11D3-BF4B-00C04F79EFBC}") = "FirstStepInCoding", "FirstStepInCoding\FirstStepInCoding.csproj", "{D8161710-7245-4A53-B222-864A734E6AA8}"
EndProject
Global
	GlobalSection(SolutionConfigurationPlatforms) = preSolution
		Debug|Any CPU = Debug|Any CPU
		Release|Any CPU = Release|Any CPU
	EndGlobalSection
	GlobalSection(ProjectConfigurationPlatforms) = postSolution
		{D8161710-7245-4A53-B222-864A734E6AA8}.Debug|Any CPU.ActiveCfg = Debug|Any CPU
		{D8161710-7245-4A53-B222-864A734E6AA8}.Debug|Any CPU.Build.0 = Debug|Any CPU
		{D8161710-7245-4A53-B222-864A734E6AA8}.Release|Any CPU.ActiveCfg = Release|Any CPU
		{D8161710-7245-4A53-B222-864A734E6AA8}.Release|Any CPU.Build.0 = Release|Any CPU
	EndGlobalSection
	GlobalSection(SolutionProperties) = preSolution
		HideSolutionNode = FALSE
	EndGlobalSection
	GlobalSection(ExtensibilityGlobals) = postSolution
		SolutionGuid = {8B7B532F-6867-401A-99D2-A1D097CE6BD6}
	EndGlobalSection
EndGlobal
